
Microsoft Visual Studio Solution File, Format Version 12.00
# Visual Studio Version 17
VisualStudioVersion = 17.11.35017.193
MinimumVisualStudioVersion = 10.0.40219.1
Project("{9A19103F-16F7-4668-BE54-9A1E7A4F7556}") = "LeliaRotationsR", "BasicRotations\LeliaRotationsR.csproj", "{D5D29C74-CC09-401D-9049-AA177685D02D}"
EndProject
Global
	GlobalSection(SolutionConfigurationPlatforms) = preSolution
		Debug|Any CPU = Debug|Any CPU
		Release|Any CPU = Release|Any CPU
	EndGlobalSection
	GlobalSection(ProjectConfigurationPlatforms) = postSolution
		{D5D29C74-CC09-401D-9049-AA177685D02D}.Debug|Any CPU.ActiveCfg = Debug|Any CPU
		{D5D29C74-CC09-401D-9049-AA177685D02D}.Debug|Any CPU.Build.0 = Debug|Any CPU
		{D5D29C74-CC09-401D-9049-AA177685D02D}.Release|Any CPU.ActiveCfg = Release|Any CPU
		{D5D29C74-CC09-401D-9049-AA177685D02D}.Release|Any CPU.Build.0 = Release|Any CPU
	EndGlobalSection
	GlobalSection(SolutionProperties) = preSolution
		HideSolutionNode = FALSE
	EndGlobalSection
	GlobalSection(ExtensibilityGlobals) = postSolution
		SolutionGuid = {B138D3D3-5E2F-4A31-B0FC-1B398B92A0C0}
	EndGlobalSection
EndGlobal
